// !$*UTF8*$!
{
	archiveVersion = 1;
	classes = {
	};
	objectVersion = 46;
	objects = {

/* Begin PBXBuildFile section */
		FC116CC018F2CBDF00B230FC /* MainiPad.storyboard in Resources */ = {isa = PBXBuildFile; fileRef = FC116CC218F2CBDF00B230FC /* MainiPad.storyboard */; };
		FC116CC518F2CBF800B230FC /* Main4s.storyboard in Resources */ = {isa = PBXBuildFile; fileRef = FC116CC718F2CBF800B230FC /* Main4s.storyboard */; };
		FC116CD418F2D34D00B230FC /* Localizable.strings in Resources */ = {isa = PBXBuildFile; fileRef = FC116CD618F2D34D00B230FC /* Localizable.strings */; };
		FCAAA9F818EB10AB00E3A54B /* Foundation.framework in Frameworks */ = {isa = PBXBuildFile; fileRef = FCAAA9F718EB10AB00E3A54B /* Foundation.framework */; };
		FCAAA9FA18EB10AB00E3A54B /* CoreGraphics.framework in Frameworks */ = {isa = PBXBuildFile; fileRef = FCAAA9F918EB10AB00E3A54B /* CoreGraphics.framework */; };
		FCAAA9FC18EB10AB00E3A54B /* UIKit.framework in Frameworks */ = {isa = PBXBuildFile; fileRef = FCAAA9FB18EB10AB00E3A54B /* UIKit.framework */; };
		FCAAAA0218EB10AB00E3A54B /* InfoPlist.strings in Resources */ = {isa = PBXBuildFile; fileRef = FCAAAA0018EB10AB00E3A54B /* InfoPlist.strings */; };
		FCAAAA0418EB10AB00E3A54B /* main.m in Sources */ = {isa = PBXBuildFile; fileRef = FCAAAA0318EB10AB00E3A54B /* main.m */; };
		FCAAAA0818EB10AB00E3A54B /* AppDelegate.m in Sources */ = {isa = PBXBuildFile; fileRef = FCAAAA0718EB10AB00E3A54B /* AppDelegate.m */; };
		FCAAAA0B18EB10AB00E3A54B /* Main.storyboard in Resources */ = {isa = PBXBuildFile; fileRef = FCAAAA0918EB10AB00E3A54B /* Main.storyboard */; };
		FCAAAA0E18EB10AB00E3A54B /* ViewController.m in Sources */ = {isa = PBXBuildFile; fileRef = FCAAAA0D18EB10AB00E3A54B /* ViewController.m */; };
		FCAAAA1018EB10AB00E3A54B /* Images.xcassets in Resources */ = {isa = PBXBuildFile; fileRef = FCAAAA0F18EB10AB00E3A54B /* Images.xcassets */; };
		FCAAAA1718EB10AB00E3A54B /* XCTest.framework in Frameworks */ = {isa = PBXBuildFile; fileRef = FCAAAA1618EB10AB00E3A54B /* XCTest.framework */; };
		FCAAAA1818EB10AB00E3A54B /* Foundation.framework in Frameworks */ = {isa = PBXBuildFile; fileRef = FCAAA9F718EB10AB00E3A54B /* Foundation.framework */; };
		FCAAAA1918EB10AB00E3A54B /* UIKit.framework in Frameworks */ = {isa = PBXBuildFile; fileRef = FCAAA9FB18EB10AB00E3A54B /* UIKit.framework */; };
		FCAAAA2118EB10AB00E3A54B /* InfoPlist.strings in Resources */ = {isa = PBXBuildFile; fileRef = FCAAAA1F18EB10AB00E3A54B /* InfoPlist.strings */; };
		FCAAAA2318EB10AB00E3A54B /* ResistorTests.m in Sources */ = {isa = PBXBuildFile; fileRef = FCAAAA2218EB10AB00E3A54B /* ResistorTests.m */; };
		FCAAAA2D18EB347D00E3A54B /* resistor.png in Resources */ = {isa = PBXBuildFile; fileRef = FCAAAA2C18EB347D00E3A54B /* resistor.png */; };
		FCAAAA5618EC7CE300E3A54B /* black.png in Resources */ = {isa = PBXBuildFile; fileRef = FCAAAA4A18EC7CE300E3A54B /* black.png */; };
		FCAAAA5718EC7CE300E3A54B /* blue.png in Resources */ = {isa = PBXBuildFile; fileRef = FCAAAA4B18EC7CE300E3A54B /* blue.png */; };
		FCAAAA5818EC7CE300E3A54B /* brown.png in Resources */ = {isa = PBXBuildFile; fileRef = FCAAAA4C18EC7CE300E3A54B /* brown.png */; };
		FCAAAA5918EC7CE300E3A54B /* gold.png in Resources */ = {isa = PBXBuildFile; fileRef = FCAAAA4D18EC7CE300E3A54B /* gold.png */; };
		FCAAAA5A18EC7CE300E3A54B /* green.png in Resources */ = {isa = PBXBuildFile; fileRef = FCAAAA4E18EC7CE300E3A54B /* green.png */; };
		FCAAAA5B18EC7CE300E3A54B /* grey.png in Resources */ = {isa = PBXBuildFile; fileRef = FCAAAA4F18EC7CE300E3A54B /* grey.png */; };
		FCAAAA5C18EC7CE300E3A54B /* orange.png in Resources */ = {isa = PBXBuildFile; fileRef = FCAAAA5018EC7CE300E3A54B /* orange.png */; };
		FCAAAA5D18EC7CE300E3A54B /* purple.png in Resources */ = {isa = PBXBuildFile; fileRef = FCAAAA5118EC7CE300E3A54B /* purple.png */; };
		FCAAAA5E18EC7CE300E3A54B /* red.png in Resources */ = {isa = PBXBuildFile; fileRef = FCAAAA5218EC7CE300E3A54B /* red.png */; };
		FCAAAA5F18EC7CE300E3A54B /* silver.png in Resources */ = {isa = PBXBuildFile; fileRef = FCAAAA5318EC7CE300E3A54B /* silver.png */; };
		FCAAAA6018EC7CE300E3A54B /* white.png in Resources */ = {isa = PBXBuildFile; fileRef = FCAAAA5418EC7CE300E3A54B /* white.png */; };
		FCAAAA6118EC7CE300E3A54B /* yellow.png in Resources */ = {isa = PBXBuildFile; fileRef = FCAAAA5518EC7CE300E3A54B /* yellow.png */; };
/* End PBXBuildFile section */

/* Begin PBXContainerItemProxy section */
		FCAAAA1A18EB10AB00E3A54B /* PBXContainerItemProxy */ = {
			isa = PBXContainerItemProxy;
			containerPortal = FCAAA9EC18EB10AB00E3A54B /* Project object */;
			proxyType = 1;
			remoteGlobalIDString = FCAAA9F318EB10AB00E3A54B;
			remoteInfo = Resistor;
		};
/* End PBXContainerItemProxy section */

/* Begin PBXFileReference section */
		FC116CBC18F2CB7500B230FC /* Base */ = {isa = PBXFileReference; lastKnownFileType = text.plist.xml; name = Base; path = "Base.lproj/Resistor-Info.plist"; sourceTree = "<group>"; };
		FC116CBF18F2CBB500B230FC /* en */ = {isa = PBXFileReference; lastKnownFileType = text.plist.strings; name = en; path = en.lproj/Main.strings; sourceTree = "<group>"; };
		FC116CC118F2CBDF00B230FC /* Base */ = {isa = PBXFileReference; lastKnownFileType = file.storyboard; name = Base; path = Base.lproj/MainiPad.storyboard; sourceTree = "<group>"; };
		FC116CC418F2CBE400B230FC /* en */ = {isa = PBXFileReference; lastKnownFileType = text.plist.strings; name = en; path = en.lproj/MainiPad.strings; sourceTree = "<group>"; };
		FC116CC618F2CBF800B230FC /* Base */ = {isa = PBXFileReference; lastKnownFileType = file.storyboard; name = Base; path = Base.lproj/Main4s.storyboard; sourceTree = "<group>"; };
		FC116CC918F2CC0000B230FC /* en */ = {isa = PBXFileReference; lastKnownFileType = text.plist.strings; name = en; path = en.lproj/Main4s.strings; sourceTree = "<group>"; };
		FC116CD118F2D1E000B230FC /* en */ = {isa = PBXFileReference; lastKnownFileType = text.plist.xml; name = en; path = "en.lproj/Resistor-Info.plist"; sourceTree = "<group>"; };
		FC116CD518F2D34D00B230FC /* Base */ = {isa = PBXFileReference; lastKnownFileType = text.plist.strings; name = Base; path = Base.lproj/Localizable.strings; sourceTree = "<group>"; };
		FC116CD718F2D35000B230FC /* en */ = {isa = PBXFileReference; lastKnownFileType = text.plist.strings; name = en; path = en.lproj/Localizable.strings; sourceTree = "<group>"; };
		FCAAA9F418EB10AB00E3A54B /* Resistor.app */ = {isa = PBXFileReference; explicitFileType = wrapper.application; includeInIndex = 0; path = Resistor.app; sourceTree = BUILT_PRODUCTS_DIR; };
		FCAAA9F718EB10AB00E3A54B /* Foundation.framework */ = {isa = PBXFileReference; lastKnownFileType = wrapper.framework; name = Foundation.framework; path = System/Library/Frameworks/Foundation.framework; sourceTree = SDKROOT; };
		FCAAA9F918EB10AB00E3A54B /* CoreGraphics.framework */ = {isa = PBXFileReference; lastKnownFileType = wrapper.framework; name = CoreGraphics.framework; path = System/Library/Frameworks/CoreGraphics.framework; sourceTree = SDKROOT; };
		FCAAA9FB18EB10AB00E3A54B /* UIKit.framework */ = {isa = PBXFileReference; lastKnownFileType = wrapper.framework; name = UIKit.framework; path = System/Library/Frameworks/UIKit.framework; sourceTree = SDKROOT; };
		FCAAAA0118EB10AB00E3A54B /* en */ = {isa = PBXFileReference; lastKnownFileType = text.plist.strings; name = en; path = en.lproj/InfoPlist.strings; sourceTree = "<group>"; };
		FCAAAA0318EB10AB00E3A54B /* main.m */ = {isa = PBXFileReference; lastKnownFileType = sourcecode.c.objc; path = main.m; sourceTree = "<group>"; };
		FCAAAA0518EB10AB00E3A54B /* Resistor-Prefix.pch */ = {isa = PBXFileReference; lastKnownFileType = sourcecode.c.h; path = "Resistor-Prefix.pch"; sourceTree = "<group>"; };
		FCAAAA0618EB10AB00E3A54B /* AppDelegate.h */ = {isa = PBXFileReference; lastKnownFileType = sourcecode.c.h; path = AppDelegate.h; sourceTree = "<group>"; };
		FCAAAA0718EB10AB00E3A54B /* AppDelegate.m */ = {isa = PBXFileReference; lastKnownFileType = sourcecode.c.objc; path = AppDelegate.m; sourceTree = "<group>"; };
		FCAAAA0A18EB10AB00E3A54B /* Base */ = {isa = PBXFileReference; lastKnownFileType = file.storyboard; name = Base; path = Base.lproj/Main.storyboard; sourceTree = "<group>"; };
		FCAAAA0C18EB10AB00E3A54B /* ViewController.h */ = {isa = PBXFileReference; lastKnownFileType = sourcecode.c.h; path = ViewController.h; sourceTree = "<group>"; };
		FCAAAA0D18EB10AB00E3A54B /* ViewController.m */ = {isa = PBXFileReference; lastKnownFileType = sourcecode.c.objc; path = ViewController.m; sourceTree = "<group>"; };
		FCAAAA0F18EB10AB00E3A54B /* Images.xcassets */ = {isa = PBXFileReference; lastKnownFileType = folder.assetcatalog; path = Images.xcassets; sourceTree = "<group>"; };
		FCAAAA1518EB10AB00E3A54B /* ResistorTests.xctest */ = {isa = PBXFileReference; explicitFileType = wrapper.cfbundle; includeInIndex = 0; path = ResistorTests.xctest; sourceTree = BUILT_PRODUCTS_DIR; };
		FCAAAA1618EB10AB00E3A54B /* XCTest.framework */ = {isa = PBXFileReference; lastKnownFileType = wrapper.framework; name = XCTest.framework; path = Library/Frameworks/XCTest.framework; sourceTree = DEVELOPER_DIR; };
		FCAAAA1E18EB10AB00E3A54B /* ResistorTests-Info.plist */ = {isa = PBXFileReference; lastKnownFileType = text.plist.xml; path = "ResistorTests-Info.plist"; sourceTree = "<group>"; };
		FCAAAA2018EB10AB00E3A54B /* en */ = {isa = PBXFileReference; lastKnownFileType = text.plist.strings; name = en; path = en.lproj/InfoPlist.strings; sourceTree = "<group>"; };
		FCAAAA2218EB10AB00E3A54B /* ResistorTests.m */ = {isa = PBXFileReference; lastKnownFileType = sourcecode.c.objc; path = ResistorTests.m; sourceTree = "<group>"; };
		FCAAAA2C18EB347D00E3A54B /* resistor.png */ = {isa = PBXFileReference; lastKnownFileType = image.png; path = resistor.png; sourceTree = "<group>"; };
		FCAAAA4A18EC7CE300E3A54B /* black.png */ = {isa = PBXFileReference; lastKnownFileType = image.png; path = black.png; sourceTree = "<group>"; };
		FCAAAA4B18EC7CE300E3A54B /* blue.png */ = {isa = PBXFileReference; lastKnownFileType = image.png; path = blue.png; sourceTree = "<group>"; };
		FCAAAA4C18EC7CE300E3A54B /* brown.png */ = {isa = PBXFileReference; lastKnownFileType = image.png; path = brown.png; sourceTree = "<group>"; };
		FCAAAA4D18EC7CE300E3A54B /* gold.png */ = {isa = PBXFileReference; lastKnownFileType = image.png; path = gold.png; sourceTree = "<group>"; };
		FCAAAA4E18EC7CE300E3A54B /* green.png */ = {isa = PBXFileReference; lastKnownFileType = image.png; path = green.png; sourceTree = "<group>"; };
		FCAAAA4F18EC7CE300E3A54B /* grey.png */ = {isa = PBXFileReference; lastKnownFileType = image.png; path = grey.png; sourceTree = "<group>"; };
		FCAAAA5018EC7CE300E3A54B /* orange.png */ = {isa = PBXFileReference; lastKnownFileType = image.png; path = orange.png; sourceTree = "<group>"; };
		FCAAAA5118EC7CE300E3A54B /* purple.png */ = {isa = PBXFileReference; lastKnownFileType = image.png; path = purple.png; sourceTree = "<group>"; };
		FCAAAA5218EC7CE300E3A54B /* red.png */ = {isa = PBXFileReference; lastKnownFileType = image.png; path = red.png; sourceTree = "<group>"; };
		FCAAAA5318EC7CE300E3A54B /* silver.png */ = {isa = PBXFileReference; lastKnownFileType = image.png; path = silver.png; sourceTree = "<group>"; };
		FCAAAA5418EC7CE300E3A54B /* white.png */ = {isa = PBXFileReference; lastKnownFileType = image.png; path = white.png; sourceTree = "<group>"; };
		FCAAAA5518EC7CE300E3A54B /* yellow.png */ = {isa = PBXFileReference; lastKnownFileType = image.png; path = yellow.png; sourceTree = "<group>"; };
/* End PBXFileReference section */

/* Begin PBXFrameworksBuildPhase section */
		FCAAA9F118EB10AB00E3A54B /* Frameworks */ = {
			isa = PBXFrameworksBuildPhase;
			buildActionMask = 2147483647;
			files = (
				FCAAA9FA18EB10AB00E3A54B /* CoreGraphics.framework in Frameworks */,
				FCAAA9FC18EB10AB00E3A54B /* UIKit.framework in Frameworks */,
				FCAAA9F818EB10AB00E3A54B /* Foundation.framework in Frameworks */,
			);
			runOnlyForDeploymentPostprocessing = 0;
		};
		FCAAAA1218EB10AB00E3A54B /* Frameworks */ = {
			isa = PBXFrameworksBuildPhase;
			buildActionMask = 2147483647;
			files = (
				FCAAAA1718EB10AB00E3A54B /* XCTest.framework in Frameworks */,
				FCAAAA1918EB10AB00E3A54B /* UIKit.framework in Frameworks */,
				FCAAAA1818EB10AB00E3A54B /* Foundation.framework in Frameworks */,
			);
			runOnlyForDeploymentPostprocessing = 0;
		};
/* End PBXFrameworksBuildPhase section */

/* Begin PBXGroup section */
		FCAAA9EB18EB10AB00E3A54B = {
			isa = PBXGroup;
			children = (
				FCAAA9FD18EB10AB00E3A54B /* Resistor */,
				FCAAAA1C18EB10AB00E3A54B /* ResistorTests */,
				FCAAA9F618EB10AB00E3A54B /* Frameworks */,
				FCAAA9F518EB10AB00E3A54B /* Products */,
			);
			sourceTree = "<group>";
		};
		FCAAA9F518EB10AB00E3A54B /* Products */ = {
			isa = PBXGroup;
			children = (
				FCAAA9F418EB10AB00E3A54B /* Resistor.app */,
				FCAAAA1518EB10AB00E3A54B /* ResistorTests.xctest */,
			);
			name = Products;
			sourceTree = "<group>";
		};
		FCAAA9F618EB10AB00E3A54B /* Frameworks */ = {
			isa = PBXGroup;
			children = (
				FCAAA9F718EB10AB00E3A54B /* Foundation.framework */,
				FCAAA9F918EB10AB00E3A54B /* CoreGraphics.framework */,
				FCAAA9FB18EB10AB00E3A54B /* UIKit.framework */,
				FCAAAA1618EB10AB00E3A54B /* XCTest.framework */,
			);
			name = Frameworks;
			sourceTree = "<group>";
		};
		FCAAA9FD18EB10AB00E3A54B /* Resistor */ = {
			isa = PBXGroup;
			children = (
				FCAAAA0618EB10AB00E3A54B /* AppDelegate.h */,
				FCAAAA0718EB10AB00E3A54B /* AppDelegate.m */,
				FC116CC718F2CBF800B230FC /* Main4s.storyboard */,
				FC116CC218F2CBDF00B230FC /* MainiPad.storyboard */,
				FCAAAA0918EB10AB00E3A54B /* Main.storyboard */,
				FCAAAA0C18EB10AB00E3A54B /* ViewController.h */,
				FCAAAA0D18EB10AB00E3A54B /* ViewController.m */,
				FCAAAA0F18EB10AB00E3A54B /* Images.xcassets */,
				FCAAA9FE18EB10AB00E3A54B /* Supporting Files */,
				FC116CD618F2D34D00B230FC /* Localizable.strings */,
			);
			path = Resistor;
			sourceTree = "<group>";
		};
		FCAAA9FE18EB10AB00E3A54B /* Supporting Files */ = {
			isa = PBXGroup;
			children = (
				FCAAAA4A18EC7CE300E3A54B /* black.png */,
				FCAAAA4B18EC7CE300E3A54B /* blue.png */,
				FCAAAA4C18EC7CE300E3A54B /* brown.png */,
				FCAAAA4D18EC7CE300E3A54B /* gold.png */,
				FCAAAA4E18EC7CE300E3A54B /* green.png */,
				FCAAAA4F18EC7CE300E3A54B /* grey.png */,
				FCAAAA5018EC7CE300E3A54B /* orange.png */,
				FCAAAA5118EC7CE300E3A54B /* purple.png */,
				FCAAAA5218EC7CE300E3A54B /* red.png */,
				FCAAAA5318EC7CE300E3A54B /* silver.png */,
				FCAAAA5418EC7CE300E3A54B /* white.png */,
				FCAAAA5518EC7CE300E3A54B /* yellow.png */,
				FCAAAA2C18EB347D00E3A54B /* resistor.png */,
				FC116CBD18F2CB7500B230FC /* Resistor-Info.plist */,
				FCAAAA0018EB10AB00E3A54B /* InfoPlist.strings */,
				FCAAAA0318EB10AB00E3A54B /* main.m */,
				FCAAAA0518EB10AB00E3A54B /* Resistor-Prefix.pch */,
			);
			name = "Supporting Files";
			sourceTree = "<group>";
		};
		FCAAAA1C18EB10AB00E3A54B /* ResistorTests */ = {
			isa = PBXGroup;
			children = (
				FCAAAA2218EB10AB00E3A54B /* ResistorTests.m */,
				FCAAAA1D18EB10AB00E3A54B /* Supporting Files */,
			);
			path = ResistorTests;
			sourceTree = "<group>";
		};
		FCAAAA1D18EB10AB00E3A54B /* Supporting Files */ = {
			isa = PBXGroup;
			children = (
				FCAAAA1E18EB10AB00E3A54B /* ResistorTests-Info.plist */,
				FCAAAA1F18EB10AB00E3A54B /* InfoPlist.strings */,
			);
			name = "Supporting Files";
			sourceTree = "<group>";
		};
/* End PBXGroup section */

/* Begin PBXNativeTarget section */
		FCAAA9F318EB10AB00E3A54B /* Resistor */ = {
			isa = PBXNativeTarget;
			buildConfigurationList = FCAAAA2618EB10AB00E3A54B /* Build configuration list for PBXNativeTarget "Resistor" */;
			buildPhases = (
				FCAAA9F018EB10AB00E3A54B /* Sources */,
				FCAAA9F118EB10AB00E3A54B /* Frameworks */,
				FCAAA9F218EB10AB00E3A54B /* Resources */,
			);
			buildRules = (
			);
			dependencies = (
			);
			name = Resistor;
			productName = Resistor;
			productReference = FCAAA9F418EB10AB00E3A54B /* Resistor.app */;
			productType = "com.apple.product-type.application";
		};
		FCAAAA1418EB10AB00E3A54B /* ResistorTests */ = {
			isa = PBXNativeTarget;
			buildConfigurationList = FCAAAA2918EB10AB00E3A54B /* Build configuration list for PBXNativeTarget "ResistorTests" */;
			buildPhases = (
				FCAAAA1118EB10AB00E3A54B /* Sources */,
				FCAAAA1218EB10AB00E3A54B /* Frameworks */,
				FCAAAA1318EB10AB00E3A54B /* Resources */,
			);
			buildRules = (
			);
			dependencies = (
				FCAAAA1B18EB10AB00E3A54B /* PBXTargetDependency */,
			);
			name = ResistorTests;
			productName = ResistorTests;
			productReference = FCAAAA1518EB10AB00E3A54B /* ResistorTests.xctest */;
			productType = "com.apple.product-type.bundle.unit-test";
		};
/* End PBXNativeTarget section */

/* Begin PBXProject section */
		FCAAA9EC18EB10AB00E3A54B /* Project object */ = {
			isa = PBXProject;
			attributes = {
				LastUpgradeCheck = 0510;
				ORGANIZATIONNAME = "Dylan Bourgeois";
				TargetAttributes = {
					FCAAA9F318EB10AB00E3A54B = {
						DevelopmentTeam = DRXTS3ZU8M;
					};
					FCAAAA1418EB10AB00E3A54B = {
						TestTargetID = FCAAA9F318EB10AB00E3A54B;
					};
				};
			};
			buildConfigurationList = FCAAA9EF18EB10AB00E3A54B /* Build configuration list for PBXProject "Resistor" */;
			compatibilityVersion = "Xcode 3.2";
			developmentRegion = English;
			hasScannedForEncodings = 0;
			knownRegions = (
				en,
				Base,
			);
			mainGroup = FCAAA9EB18EB10AB00E3A54B;
			productRefGroup = FCAAA9F518EB10AB00E3A54B /* Products */;
			projectDirPath = "";
			projectRoot = "";
			targets = (
				FCAAA9F318EB10AB00E3A54B /* Resistor */,
				FCAAAA1418EB10AB00E3A54B /* ResistorTests */,
			);
		};
/* End PBXProject section */

/* Begin PBXResourcesBuildPhase section */
		FCAAA9F218EB10AB00E3A54B /* Resources */ = {
			isa = PBXResourcesBuildPhase;
			buildActionMask = 2147483647;
			files = (
				FCAAAA1018EB10AB00E3A54B /* Images.xcassets in Resources */,
				FCAAAA6118EC7CE300E3A54B /* yellow.png in Resources */,
				FCAAAA5A18EC7CE300E3A54B /* green.png in Resources */,
				FCAAAA5F18EC7CE300E3A54B /* silver.png in Resources */,
				FCAAAA5C18EC7CE300E3A54B /* orange.png in Resources */,
				FCAAAA5E18EC7CE300E3A54B /* red.png in Resources */,
				FCAAAA5B18EC7CE300E3A54B /* grey.png in Resources */,
				FCAAAA5918EC7CE300E3A54B /* gold.png in Resources */,
				FCAAAA6018EC7CE300E3A54B /* white.png in Resources */,
				FCAAAA5618EC7CE300E3A54B /* black.png in Resources */,
				FCAAAA5818EC7CE300E3A54B /* brown.png in Resources */,
				FCAAAA0218EB10AB00E3A54B /* InfoPlist.strings in Resources */,
				FCAAAA5718EC7CE300E3A54B /* blue.png in Resources */,
				FCAAAA5D18EC7CE300E3A54B /* purple.png in Resources */,
				FCAAAA2D18EB347D00E3A54B /* resistor.png in Resources */,
				FC116CC018F2CBDF00B230FC /* MainiPad.storyboard in Resources */,
				FC116CD418F2D34D00B230FC /* Localizable.strings in Resources */,
				FC116CC518F2CBF800B230FC /* Main4s.storyboard in Resources */,
				FCAAAA0B18EB10AB00E3A54B /* Main.storyboard in Resources */,
			);
			runOnlyForDeploymentPostprocessing = 0;
		};
		FCAAAA1318EB10AB00E3A54B /* Resources */ = {
			isa = PBXResourcesBuildPhase;
			buildActionMask = 2147483647;
			files = (
				FCAAAA2118EB10AB00E3A54B /* InfoPlist.strings in Resources */,
			);
			runOnlyForDeploymentPostprocessing = 0;
		};
/* End PBXResourcesBuildPhase section */

/* Begin PBXSourcesBuildPhase section */
		FCAAA9F018EB10AB00E3A54B /* Sources */ = {
			isa = PBXSourcesBuildPhase;
			buildActionMask = 2147483647;
			files = (
				FCAAAA0E18EB10AB00E3A54B /* ViewController.m in Sources */,
				FCAAAA0818EB10AB00E3A54B /* AppDelegate.m in Sources */,
				FCAAAA0418EB10AB00E3A54B /* main.m in Sources */,
			);
			runOnlyForDeploymentPostprocessing = 0;
		};
		FCAAAA1118EB10AB00E3A54B /* Sources */ = {
			isa = PBXSourcesBuildPhase;
			buildActionMask = 2147483647;
			files = (
				FCAAAA2318EB10AB00E3A54B /* ResistorTests.m in Sources */,
			);
			runOnlyForDeploymentPostprocessing = 0;
		};
/* End PBXSourcesBuildPhase section */

/* Begin PBXTargetDependency section */
		FCAAAA1B18EB10AB00E3A54B /* PBXTargetDependency */ = {
			isa = PBXTargetDependency;
			target = FCAAA9F318EB10AB00E3A54B /* Resistor */;
			targetProxy = FCAAAA1A18EB10AB00E3A54B /* PBXContainerItemProxy */;
		};
/* End PBXTargetDependency section */

/* Begin PBXVariantGroup section */
		FC116CBD18F2CB7500B230FC /* Resistor-Info.plist */ = {
			isa = PBXVariantGroup;
			children = (
				FC116CBC18F2CB7500B230FC /* Base */,
				FC116CD118F2D1E000B230FC /* en */,
			);
			name = "Resistor-Info.plist";
			sourceTree = "<group>";
		};
		FC116CC218F2CBDF00B230FC /* MainiPad.storyboard */ = {
			isa = PBXVariantGroup;
			children = (
				FC116CC118F2CBDF00B230FC /* Base */,
				FC116CC418F2CBE400B230FC /* en */,
			);
			name = MainiPad.storyboard;
			sourceTree = "<group>";
		};
		FC116CC718F2CBF800B230FC /* Main4s.storyboard */ = {
			isa = PBXVariantGroup;
			children = (
				FC116CC618F2CBF800B230FC /* Base */,
				FC116CC918F2CC0000B230FC /* en */,
			);
			name = Main4s.storyboard;
			sourceTree = "<group>";
		};
		FC116CD618F2D34D00B230FC /* Localizable.strings */ = {
			isa = PBXVariantGroup;
			children = (
				FC116CD518F2D34D00B230FC /* Base */,
				FC116CD718F2D35000B230FC /* en */,
			);
			name = Localizable.strings;
			sourceTree = "<group>";
		};
		FCAAAA0018EB10AB00E3A54B /* InfoPlist.strings */ = {
			isa = PBXVariantGroup;
			children = (
				FCAAAA0118EB10AB00E3A54B /* en */,
			);
			name = InfoPlist.strings;
			sourceTree = "<group>";
		};
		FCAAAA0918EB10AB00E3A54B /* Main.storyboard */ = {
			isa = PBXVariantGroup;
			children = (
				FCAAAA0A18EB10AB00E3A54B /* Base */,
				FC116CBF18F2CBB500B230FC /* en */,
			);
			name = Main.storyboard;
			sourceTree = "<group>";
		};
		FCAAAA1F18EB10AB00E3A54B /* InfoPlist.strings */ = {
			isa = PBXVariantGroup;
			children = (
				FCAAAA2018EB10AB00E3A54B /* en */,
			);
			name = InfoPlist.strings;
			sourceTree = "<group>";
		};
/* End PBXVariantGroup section */

/* Begin XCBuildConfiguration section */
		FCAAAA2418EB10AB00E3A54B /* Debug */ = {
			isa = XCBuildConfiguration;
			buildSettings = {
				ALWAYS_SEARCH_USER_PATHS = NO;
				CLANG_CXX_LANGUAGE_STANDARD = "gnu++0x";
				CLANG_CXX_LIBRARY = "libc++";
				CLANG_ENABLE_MODULES = YES;
				CLANG_ENABLE_OBJC_ARC = YES;
				CLANG_WARN_BOOL_CONVERSION = YES;
				CLANG_WARN_CONSTANT_CONVERSION = YES;
				CLANG_WARN_DIRECT_OBJC_ISA_USAGE = YES_ERROR;
				CLANG_WARN_EMPTY_BODY = YES;
				CLANG_WARN_ENUM_CONVERSION = YES;
				CLANG_WARN_INT_CONVERSION = YES;
				CLANG_WARN_OBJC_ROOT_CLASS = YES_ERROR;
				CLANG_WARN__DUPLICATE_METHOD_MATCH = YES;
				CODE_SIGN_IDENTITY = "iPhone Distribution: Dylan Bourgeois (DRXTS3ZU8M)";
				"CODE_SIGN_IDENTITY[sdk=iphoneos*]" = "iPhone Distribution: Dylan Bourgeois (DRXTS3ZU8M)";
				COPY_PHASE_STRIP = NO;
				GCC_C_LANGUAGE_STANDARD = gnu99;
				GCC_DYNAMIC_NO_PIC = NO;
				GCC_OPTIMIZATION_LEVEL = 0;
				GCC_PREPROCESSOR_DEFINITIONS = (
					"DEBUG=1",
					"$(inherited)",
				);
				GCC_SYMBOLS_PRIVATE_EXTERN = NO;
				GCC_WARN_64_TO_32_BIT_CONVERSION = YES;
				GCC_WARN_ABOUT_RETURN_TYPE = YES_ERROR;
				GCC_WARN_UNDECLARED_SELECTOR = YES;
				GCC_WARN_UNINITIALIZED_AUTOS = YES_AGGRESSIVE;
				GCC_WARN_UNUSED_FUNCTION = YES;
				GCC_WARN_UNUSED_VARIABLE = YES;
				IPHONEOS_DEPLOYMENT_TARGET = 7.1;
				ONLY_ACTIVE_ARCH = YES;
				PROVISIONING_PROFILE = "16243FF3-8CF9-4CD3-BB2A-198F74DA7044";
				SDKROOT = iphoneos;
			};
			name = Debug;
		};
		FCAAAA2518EB10AB00E3A54B /* Release */ = {
			isa = XCBuildConfiguration;
			buildSettings = {
				ALWAYS_SEARCH_USER_PATHS = NO;
				CLANG_CXX_LANGUAGE_STANDARD = "gnu++0x";
				CLANG_CXX_LIBRARY = "libc++";
				CLANG_ENABLE_MODULES = YES;
				CLANG_ENABLE_OBJC_ARC = YES;
				CLANG_WARN_BOOL_CONVERSION = YES;
				CLANG_WARN_CONSTANT_CONVERSION = YES;
				CLANG_WARN_DIRECT_OBJC_ISA_USAGE = YES_ERROR;
				CLANG_WARN_EMPTY_BODY = YES;
				CLANG_WARN_ENUM_CONVERSION = YES;
				CLANG_WARN_INT_CONVERSION = YES;
				CLANG_WARN_OBJC_ROOT_CLASS = YES_ERROR;
				CLANG_WARN__DUPLICATE_METHOD_MATCH = YES;
				CODE_SIGN_IDENTITY = "iPhone Distribution: Dylan Bourgeois (DRXTS3ZU8M)";
				"CODE_SIGN_IDENTITY[sdk=iphoneos*]" = "iPhone Distribution: Dylan Bourgeois (DRXTS3ZU8M)";
				COPY_PHASE_STRIP = YES;
				ENABLE_NS_ASSERTIONS = NO;
				GCC_C_LANGUAGE_STANDARD = gnu99;
				GCC_WARN_64_TO_32_BIT_CONVERSION = YES;
				GCC_WARN_ABOUT_RETURN_TYPE = YES_ERROR;
				GCC_WARN_UNDECLARED_SELECTOR = YES;
				GCC_WARN_UNINITIALIZED_AUTOS = YES_AGGRESSIVE;
				GCC_WARN_UNUSED_FUNCTION = YES;
				GCC_WARN_UNUSED_VARIABLE = YES;
				IPHONEOS_DEPLOYMENT_TARGET = 7.1;
				PROVISIONING_PROFILE = "16243FF3-8CF9-4CD3-BB2A-198F74DA7044";
				SDKROOT = iphoneos;
				VALIDATE_PRODUCT = YES;
			};
			name = Release;
		};
		FCAAAA2718EB10AB00E3A54B /* Debug */ = {
			isa = XCBuildConfiguration;
			buildSettings = {
				ASSETCATALOG_COMPILER_APPICON_NAME = AppIcon;
				ASSETCATALOG_COMPILER_LAUNCHIMAGE_NAME = LaunchImage;
				CODE_SIGN_IDENTITY = "iPhone Distribution: Dylan Bourgeois (DRXTS3ZU8M)";
				"CODE_SIGN_IDENTITY[sdk=iphoneos*]" = "iPhone Distribution: Dylan Bourgeois (DRXTS3ZU8M)";
				GCC_PRECOMPILE_PREFIX_HEADER = YES;
				GCC_PREFIX_HEADER = "Resistor/Resistor-Prefix.pch";
				INFOPLIST_FILE = "Resistor/Resistor-Info.plist";
				IPHONEOS_DEPLOYMENT_TARGET = 7.1;
				PRODUCT_NAME = "$(TARGET_NAME)";
				PROVISIONING_PROFILE = "16243FF3-8CF9-4CD3-BB2A-198F74DA7044";
				TARGETED_DEVICE_FAMILY = "1,2";
				WRAPPER_EXTENSION = app;
			};
			name = Debug;
		};
		FCAAAA2818EB10AB00E3A54B /* Release */ = {
			isa = XCBuildConfiguration;
			buildSettings = {
				ASSETCATALOG_COMPILER_APPICON_NAME = AppIcon;
				ASSETCATALOG_COMPILER_LAUNCHIMAGE_NAME = LaunchImage;
				CODE_SIGN_IDENTITY = "iPhone Distribution: Dylan Bourgeois (DRXTS3ZU8M)";
				"CODE_SIGN_IDENTITY[sdk=iphoneos*]" = "iPhone Distribution: Dylan Bourgeois (DRXTS3ZU8M)";
				GCC_PRECOMPILE_PREFIX_HEADER = YES;
				GCC_PREFIX_HEADER = "Resistor/Resistor-Prefix.pch";
				INFOPLIST_FILE = "Resistor/Resistor-Info.plist";
				IPHONEOS_DEPLOYMENT_TARGET = 7.1;
				PRODUCT_NAME = "$(TARGET_NAME)";
				PROVISIONING_PROFILE = "16243FF3-8CF9-4CD3-BB2A-198F74DA7044";
				TARGETED_DEVICE_FAMILY = "1,2";
				WRAPPER_EXTENSION = app;
			};
			name = Release;
		};
		FCAAAA2A18EB10AB00E3A54B /* Debug */ = {
			isa = XCBuildConfiguration;
			buildSettings = {
				BUNDLE_LOADER = "$(BUILT_PRODUCTS_DIR)/Resistor.app/Resistor";
				FRAMEWORK_SEARCH_PATHS = (
					"$(SDKROOT)/Developer/Library/Frameworks",
					"$(inherited)",
					"$(DEVELOPER_FRAMEWORKS_DIR)",
				);
				GCC_PRECOMPILE_PREFIX_HEADER = YES;
				GCC_PREFIX_HEADER = "Resistor/Resistor-Prefix.pch";
				GCC_PREPROCESSOR_DEFINITIONS = (
					"DEBUG=1",
					"$(inherited)",
				);
				INFOPLIST_FILE = "ResistorTests/ResistorTests-Info.plist";
				PRODUCT_NAME = "$(TARGET_NAME)";
				TEST_HOST = "$(BUNDLE_LOADER)";
				WRAPPER_EXTENSION = xctest;
			};
			name = Debug;
		};
		FCAAAA2B18EB10AB00E3A54B /* Release */ = {
			isa = XCBuildConfiguration;
			buildSettings = {
				BUNDLE_LOADER = "$(BUILT_PRODUCTS_DIR)/Resistor.app/Resistor";
				FRAMEWORK_SEARCH_PATHS = (
					"$(SDKROOT)/Developer/Library/Frameworks",
					"$(inherited)",
					"$(DEVELOPER_FRAMEWORKS_DIR)",
				);
				GCC_PRECOMPILE_PREFIX_HEADER = YES;
				GCC_PREFIX_HEADER = "Resistor/Resistor-Prefix.pch";
				INFOPLIST_FILE = "ResistorTests/ResistorTests-Info.plist";
				PRODUCT_NAME = "$(TARGET_NAME)";
				TEST_HOST = "$(BUNDLE_LOADER)";
				WRAPPER_EXTENSION = xctest;
			};
			name = Release;
		};
/* End XCBuildConfiguration section */

/* Begin XCConfigurationList section */
		FCAAA9EF18EB10AB00E3A54B /* Build configuration list for PBXProject "Resistor" */ = {
			isa = XCConfigurationList;
			buildConfigurations = (
				FCAAAA2418EB10AB00E3A54B /* Debug */,
				FCAAAA2518EB10AB00E3A54B /* Release */,
			);
			defaultConfigurationIsVisible = 0;
			defaultConfigurationName = Release;
		};
		FCAAAA2618EB10AB00E3A54B /* Build configuration list for PBXNativeTarget "Resistor" */ = {
			isa = XCConfigurationList;
			buildConfigurations = (
				FCAAAA2718EB10AB00E3A54B /* Debug */,
				FCAAAA2818EB10AB00E3A54B /* Release */,
			);
			defaultConfigurationIsVisible = 0;
			defaultConfigurationName = Release;
		};
		FCAAAA2918EB10AB00E3A54B /* Build configuration list for PBXNativeTarget "ResistorTests" */ = {
			isa = XCConfigurationList;
			buildConfigurations = (
				FCAAAA2A18EB10AB00E3A54B /* Debug */,
				FCAAAA2B18EB10AB00E3A54B /* Release */,
			);
			defaultConfigurationIsVisible = 0;
			defaultConfigurationName = Release;
		};
/* End XCConfigurationList section */
	};
	rootObject = FCAAA9EC18EB10AB00E3A54B /* Project object */;
}
